
Microsoft Visual Studio Solution File, Format Version 12.00
# Visual Studio Version 17
VisualStudioVersion = 17.0.31903.59
MinimumVisualStudioVersion = 10.0.40219.1
Project("{FAE04EC0-301F-11D3-BF4B-00C04F79EFBC}") = "IntegrationTestingBase", "IntegrationTestingBase\IntegrationTestingBase.csproj", "{CCA060DC-C7F9-4866-BF3A-C52E8D892185}"
EndProject
Project("{FAE04EC0-301F-11D3-BF4B-00C04F79EFBC}") = "Tests", "Tests\Tests.csproj", "{1753D59B-9DD0-4441-B112-DBA12F7D56BF}"
EndProject
Global
	GlobalSection(SolutionConfigurationPlatforms) = preSolution
		Debug|Any CPU = Debug|Any CPU
		Release|Any CPU = Release|Any CPU
	EndGlobalSection
	GlobalSection(SolutionProperties) = preSolution
		HideSolutionNode = FALSE
	EndGlobalSection
	GlobalSection(ProjectConfigurationPlatforms) = postSolution
		{CCA060DC-C7F9-4866-BF3A-C52E8D892185}.Debug|Any CPU.ActiveCfg = Debug|Any CPU
		{CCA060DC-C7F9-4866-BF3A-C52E8D892185}.Debug|Any CPU.Build.0 = Debug|Any CPU
		{CCA060DC-C7F9-4866-BF3A-C52E8D892185}.Release|Any CPU.ActiveCfg = Release|Any CPU
		{CCA060DC-C7F9-4866-BF3A-C52E8D892185}.Release|Any CPU.Build.0 = Release|Any CPU
		{1753D59B-9DD0-4441-B112-DBA12F7D56BF}.Debug|Any CPU.ActiveCfg = Debug|Any CPU
		{1753D59B-9DD0-4441-B112-DBA12F7D56BF}.Debug|Any CPU.Build.0 = Debug|Any CPU
		{1753D59B-9DD0-4441-B112-DBA12F7D56BF}.Release|Any CPU.ActiveCfg = Release|Any CPU
		{1753D59B-9DD0-4441-B112-DBA12F7D56BF}.Release|Any CPU.Build.0 = Release|Any CPU
	EndGlobalSection
EndGlobal
